
Microsoft Visual Studio Solution File, Format Version 12.00
# Visual Studio Version 16
VisualStudioVersion = 16.0.31112.23
MinimumVisualStudioVersion = 10.0.40219.1
Project("{FAE04EC0-301F-11D3-BF4B-00C04F79EFBC}") = "Eliteria", "Eliteria\Eliteria.csproj", "{D7D775B1-E2C1-461F-8497-B9AF2432DA3C}"
EndProject
Global
	GlobalSection(SolutionConfigurationPlatforms) = preSolution
		Debug|Any CPU = Debug|Any CPU
		Release|Any CPU = Release|Any CPU
	EndGlobalSection
	GlobalSection(ProjectConfigurationPlatforms) = postSolution
		{D7D775B1-E2C1-461F-8497-B9AF2432DA3C}.Debug|Any CPU.ActiveCfg = Debug|Any CPU
		{D7D775B1-E2C1-461F-8497-B9AF2432DA3C}.Debug|Any CPU.Build.0 = Debug|Any CPU
		{D7D775B1-E2C1-461F-8497-B9AF2432DA3C}.Release|Any CPU.ActiveCfg = Release|Any CPU
		{D7D775B1-E2C1-461F-8497-B9AF2432DA3C}.Release|Any CPU.Build.0 = Release|Any CPU
	EndGlobalSection
	GlobalSection(SolutionProperties) = preSolution
		HideSolutionNode = FALSE
	EndGlobalSection
	GlobalSection(ExtensibilityGlobals) = postSolution
		SolutionGuid = {83D8A878-F011-4272-88BC-58CBDE706036}
	EndGlobalSection
EndGlobal
